
Microsoft Visual Studio Solution File, Format Version 12.00
# Visual Studio Version 17
VisualStudioVersion = 17.3.32929.385
MinimumVisualStudioVersion = 10.0.40219.1
Project("{9A19103F-16F7-4668-BE54-9A1E7A4F7556}") = "Stage0", "Stage0\Stage0.csproj", "{668F09B3-0985-4A16-8B7A-A80BB3C70AE6}"
EndProject
Project("{9A19103F-16F7-4668-BE54-9A1E7A4F7556}") = "DalFacade", "DalFacade\DalFacade.csproj", "{77EAF9D2-CD42-41A2-9A34-82C66D569C5B}"
EndProject
Project("{9A19103F-16F7-4668-BE54-9A1E7A4F7556}") = "DalList", "DalList\DalList.csproj", "{83078725-55CD-4B65-A409-0ACC661A0B2C}"
EndProject
Project("{9A19103F-16F7-4668-BE54-9A1E7A4F7556}") = "DalTest", "DalTest\DalTest.csproj", "{696A7FE8-36C6-4000-8D6B-ED2BE03DCD24}"
EndProject
Project("{9A19103F-16F7-4668-BE54-9A1E7A4F7556}") = "BL", "BL\BL.csproj", "{04B3DA85-C95D-46F2-B083-5140402C2D87}"
EndProject
Project("{9A19103F-16F7-4668-BE54-9A1E7A4F7556}") = "PL", "PL\PL.csproj", "{DBDF87EE-0372-4094-BC09-7F17AD3D001C}"
EndProject
Project("{2150E333-8FDC-42A3-9474-1A3956D46DE8}") = "xml", "xml", "{8DA51EE8-D790-4728-B91D-25A5F5783932}"
	ProjectSection(SolutionItems) = preProject
		xml\dal-config.xml = xml\dal-config.xml
		xml\orderItem.xml = xml\orderItem.xml
		xml\orders.xml = xml\orders.xml
		xml\products.xml = xml\products.xml
	EndProjectSection
EndProject
Project("{9A19103F-16F7-4668-BE54-9A1E7A4F7556}") = "BLTest", "BlTest\BLTest.csproj", "{10EE57D6-B643-45DB-B3F9-8E2A9498846A}"
EndProject
Project("{FAE04EC0-301F-11D3-BF4B-00C04F79EFBC}") = "DalXml", "DalXml\DalXml.csproj", "{C5B5C4F5-B891-424D-9AA2-431033F53FB0}"
EndProject
Global
	GlobalSection(SolutionConfigurationPlatforms) = preSolution
		Debug|Any CPU = Debug|Any CPU
		Release|Any CPU = Release|Any CPU
	EndGlobalSection
	GlobalSection(ProjectConfigurationPlatforms) = postSolution
		{668F09B3-0985-4A16-8B7A-A80BB3C70AE6}.Debug|Any CPU.ActiveCfg = Debug|Any CPU
		{668F09B3-0985-4A16-8B7A-A80BB3C70AE6}.Debug|Any CPU.Build.0 = Debug|Any CPU
		{668F09B3-0985-4A16-8B7A-A80BB3C70AE6}.Release|Any CPU.ActiveCfg = Release|Any CPU
		{668F09B3-0985-4A16-8B7A-A80BB3C70AE6}.Release|Any CPU.Build.0 = Release|Any CPU
		{77EAF9D2-CD42-41A2-9A34-82C66D569C5B}.Debug|Any CPU.ActiveCfg = Debug|Any CPU
		{77EAF9D2-CD42-41A2-9A34-82C66D569C5B}.Debug|Any CPU.Build.0 = Debug|Any CPU
		{77EAF9D2-CD42-41A2-9A34-82C66D569C5B}.Release|Any CPU.ActiveCfg = Release|Any CPU
		{77EAF9D2-CD42-41A2-9A34-82C66D569C5B}.Release|Any CPU.Build.0 = Release|Any CPU
		{83078725-55CD-4B65-A409-0ACC661A0B2C}.Debug|Any CPU.ActiveCfg = Debug|Any CPU
		{83078725-55CD-4B65-A409-0ACC661A0B2C}.Debug|Any CPU.Build.0 = Debug|Any CPU
		{83078725-55CD-4B65-A409-0ACC661A0B2C}.Release|Any CPU.ActiveCfg = Release|Any CPU
		{83078725-55CD-4B65-A409-0ACC661A0B2C}.Release|Any CPU.Build.0 = Release|Any CPU
		{696A7FE8-36C6-4000-8D6B-ED2BE03DCD24}.Debug|Any CPU.ActiveCfg = Debug|Any CPU
		{696A7FE8-36C6-4000-8D6B-ED2BE03DCD24}.Debug|Any CPU.Build.0 = Debug|Any CPU
		{696A7FE8-36C6-4000-8D6B-ED2BE03DCD24}.Release|Any CPU.ActiveCfg = Release|Any CPU
		{696A7FE8-36C6-4000-8D6B-ED2BE03DCD24}.Release|Any CPU.Build.0 = Release|Any CPU
		{04B3DA85-C95D-46F2-B083-5140402C2D87}.Debug|Any CPU.ActiveCfg = Debug|Any CPU
		{04B3DA85-C95D-46F2-B083-5140402C2D87}.Debug|Any CPU.Build.0 = Debug|Any CPU
		{04B3DA85-C95D-46F2-B083-5140402C2D87}.Release|Any CPU.ActiveCfg = Release|Any CPU
		{04B3DA85-C95D-46F2-B083-5140402C2D87}.Release|Any CPU.Build.0 = Release|Any CPU
		{DBDF87EE-0372-4094-BC09-7F17AD3D001C}.Debug|Any CPU.ActiveCfg = Debug|Any CPU
		{DBDF87EE-0372-4094-BC09-7F17AD3D001C}.Debug|Any CPU.Build.0 = Debug|Any CPU
		{DBDF87EE-0372-4094-BC09-7F17AD3D001C}.Release|Any CPU.ActiveCfg = Release|Any CPU
		{DBDF87EE-0372-4094-BC09-7F17AD3D001C}.Release|Any CPU.Build.0 = Release|Any CPU
		{10EE57D6-B643-45DB-B3F9-8E2A9498846A}.Debug|Any CPU.ActiveCfg = Debug|Any CPU
		{10EE57D6-B643-45DB-B3F9-8E2A9498846A}.Debug|Any CPU.Build.0 = Debug|Any CPU
		{10EE57D6-B643-45DB-B3F9-8E2A9498846A}.Release|Any CPU.ActiveCfg = Release|Any CPU
		{10EE57D6-B643-45DB-B3F9-8E2A9498846A}.Release|Any CPU.Build.0 = Release|Any CPU
		{C5B5C4F5-B891-424D-9AA2-431033F53FB0}.Debug|Any CPU.ActiveCfg = Debug|Any CPU
		{C5B5C4F5-B891-424D-9AA2-431033F53FB0}.Debug|Any CPU.Build.0 = Debug|Any CPU
		{C5B5C4F5-B891-424D-9AA2-431033F53FB0}.Release|Any CPU.ActiveCfg = Release|Any CPU
		{C5B5C4F5-B891-424D-9AA2-431033F53FB0}.Release|Any CPU.Build.0 = Release|Any CPU
	EndGlobalSection
	GlobalSection(SolutionProperties) = preSolution
		HideSolutionNode = FALSE
	EndGlobalSection
	GlobalSection(ExtensibilityGlobals) = postSolution
		SolutionGuid = {569E2A70-AFCA-46F1-BAD8-CA00B697DB7E}
	EndGlobalSection
EndGlobal
