
Microsoft Visual Studio Solution File, Format Version 12.00
# Visual Studio Version 17
VisualStudioVersion = 17.3.32929.385
MinimumVisualStudioVersion = 10.0.40219.1
Project("{9A19103F-16F7-4668-BE54-9A1E7A4F7556}") = "Stage0", "Stage0\Stage0.csproj", "{668F09B3-0985-4A16-8B7A-A80BB3C70AE6}"
EndProject
Project("{FAE04EC0-301F-11D3-BF4B-00C04F79EFBC}") = "DalFacade", "DalFacade\DalFacade.csproj", "{77EAF9D2-CD42-41A2-9A34-82C66D569C5B}"
EndProject
Project("{FAE04EC0-301F-11D3-BF4B-00C04F79EFBC}") = "DalList", "DalList\DalList.csproj", "{83078725-55CD-4B65-A409-0ACC661A0B2C}"
EndProject
Project("{FAE04EC0-301F-11D3-BF4B-00C04F79EFBC}") = "DalTest", "DalTest\DalTest.csproj", "{696A7FE8-36C6-4000-8D6B-ED2BE03DCD24}"
EndProject
Global
	GlobalSection(SolutionConfigurationPlatforms) = preSolution
		Debug|Any CPU = Debug|Any CPU
		Release|Any CPU = Release|Any CPU
	EndGlobalSection
	GlobalSection(ProjectConfigurationPlatforms) = postSolution
		{668F09B3-0985-4A16-8B7A-A80BB3C70AE6}.Debug|Any CPU.ActiveCfg = Debug|Any CPU
		{668F09B3-0985-4A16-8B7A-A80BB3C70AE6}.Debug|Any CPU.Build.0 = Debug|Any CPU
		{668F09B3-0985-4A16-8B7A-A80BB3C70AE6}.Release|Any CPU.ActiveCfg = Release|Any CPU
		{668F09B3-0985-4A16-8B7A-A80BB3C70AE6}.Release|Any CPU.Build.0 = Release|Any CPU
		{77EAF9D2-CD42-41A2-9A34-82C66D569C5B}.Debug|Any CPU.ActiveCfg = Debug|Any CPU
		{77EAF9D2-CD42-41A2-9A34-82C66D569C5B}.Debug|Any CPU.Build.0 = Debug|Any CPU
		{77EAF9D2-CD42-41A2-9A34-82C66D569C5B}.Release|Any CPU.ActiveCfg = Release|Any CPU
		{77EAF9D2-CD42-41A2-9A34-82C66D569C5B}.Release|Any CPU.Build.0 = Release|Any CPU
		{83078725-55CD-4B65-A409-0ACC661A0B2C}.Debug|Any CPU.ActiveCfg = Debug|Any CPU
		{83078725-55CD-4B65-A409-0ACC661A0B2C}.Debug|Any CPU.Build.0 = Debug|Any CPU
		{83078725-55CD-4B65-A409-0ACC661A0B2C}.Release|Any CPU.ActiveCfg = Release|Any CPU
		{83078725-55CD-4B65-A409-0ACC661A0B2C}.Release|Any CPU.Build.0 = Release|Any CPU
		{696A7FE8-36C6-4000-8D6B-ED2BE03DCD24}.Debug|Any CPU.ActiveCfg = Debug|Any CPU
		{696A7FE8-36C6-4000-8D6B-ED2BE03DCD24}.Debug|Any CPU.Build.0 = Debug|Any CPU
		{696A7FE8-36C6-4000-8D6B-ED2BE03DCD24}.Release|Any CPU.ActiveCfg = Release|Any CPU
		{696A7FE8-36C6-4000-8D6B-ED2BE03DCD24}.Release|Any CPU.Build.0 = Release|Any CPU
	EndGlobalSection
	GlobalSection(SolutionProperties) = preSolution
		HideSolutionNode = FALSE
	EndGlobalSection
	GlobalSection(ExtensibilityGlobals) = postSolution
		SolutionGuid = {569E2A70-AFCA-46F1-BAD8-CA00B697DB7E}
	EndGlobalSection
EndGlobal
