
Microsoft Visual Studio Solution File, Format Version 12.00
# Visual Studio Version 17
VisualStudioVersion = 17.3.32929.385
MinimumVisualStudioVersion = 10.0.40219.1
Project("{FAE04EC0-301F-11D3-BF4B-00C04F79EFBC}") = "Stage0", "Stage0\Stage0.csproj", "{668F09B3-0985-4A16-8B7A-A80BB3C70AE6}"
EndProject
Global
	GlobalSection(SolutionConfigurationPlatforms) = preSolution
		Debug|Any CPU = Debug|Any CPU
		Release|Any CPU = Release|Any CPU
	EndGlobalSection
	GlobalSection(ProjectConfigurationPlatforms) = postSolution
		{668F09B3-0985-4A16-8B7A-A80BB3C70AE6}.Debug|Any CPU.ActiveCfg = Debug|Any CPU
		{668F09B3-0985-4A16-8B7A-A80BB3C70AE6}.Debug|Any CPU.Build.0 = Debug|Any CPU
		{668F09B3-0985-4A16-8B7A-A80BB3C70AE6}.Release|Any CPU.ActiveCfg = Release|Any CPU
		{668F09B3-0985-4A16-8B7A-A80BB3C70AE6}.Release|Any CPU.Build.0 = Release|Any CPU
	EndGlobalSection
	GlobalSection(SolutionProperties) = preSolution
		HideSolutionNode = FALSE
	EndGlobalSection
	GlobalSection(ExtensibilityGlobals) = postSolution
		SolutionGuid = {569E2A70-AFCA-46F1-BAD8-CA00B697DB7E}
	EndGlobalSection
EndGlobal
